// !$*UTF8*$!
{
	archiveVersion = 1;
	classes = {
	};
	objectVersion = 51;
	objects = {

/* Begin PBXBuildFile section */
		183AF651242F6D530059F181 /* LeftMenuView.swift in Sources */ = {isa = PBXBuildFile; fileRef = 183AF650242F6D530059F181 /* LeftMenuView.swift */; };
		184585C6242D3345008CB5D5 /* AppDelegate.swift in Sources */ = {isa = PBXBuildFile; fileRef = 184585C5242D3345008CB5D5 /* AppDelegate.swift */; };
		184585C8242D3345008CB5D5 /* SceneDelegate.swift in Sources */ = {isa = PBXBuildFile; fileRef = 184585C7242D3345008CB5D5 /* SceneDelegate.swift */; };
		184585CA242D3345008CB5D5 /* ContentView.swift in Sources */ = {isa = PBXBuildFile; fileRef = 184585C9242D3345008CB5D5 /* ContentView.swift */; };
		184585CC242D334D008CB5D5 /* Assets.xcassets in Resources */ = {isa = PBXBuildFile; fileRef = 184585CB242D334D008CB5D5 /* Assets.xcassets */; };
		184585CF242D334D008CB5D5 /* Preview Assets.xcassets in Resources */ = {isa = PBXBuildFile; fileRef = 184585CE242D334D008CB5D5 /* Preview Assets.xcassets */; };
		184585D2242D334D008CB5D5 /* LaunchScreen.storyboard in Resources */ = {isa = PBXBuildFile; fileRef = 184585D0242D334D008CB5D5 /* LaunchScreen.storyboard */; };
		184585DD242D334D008CB5D5 /* BedSideMonitorTests.swift in Sources */ = {isa = PBXBuildFile; fileRef = 184585DC242D334D008CB5D5 /* BedSideMonitorTests.swift */; };
		184585E8242D334D008CB5D5 /* BedSideMonitorUITests.swift in Sources */ = {isa = PBXBuildFile; fileRef = 184585E7242D334D008CB5D5 /* BedSideMonitorUITests.swift */; };
		97B8CAE9955C3C6CB1C36CBA /* Pods_BedSideMonitor_BedSideMonitorUITests.framework in Frameworks */ = {isa = PBXBuildFile; fileRef = A5E917C81CAAE4A9AB2F9BB3 /* Pods_BedSideMonitor_BedSideMonitorUITests.framework */; };
		B6726B9CC51F634E0DD81068 /* Pods_BedSideMonitorTests.framework in Frameworks */ = {isa = PBXBuildFile; fileRef = 1CD922183443344448C521B2 /* Pods_BedSideMonitorTests.framework */; };
		F27CA8FC57B71E69CE4616E1 /* Pods_BedSideMonitor.framework in Frameworks */ = {isa = PBXBuildFile; fileRef = D0C7547DADA897CC7789EE6A /* Pods_BedSideMonitor.framework */; };
/* End PBXBuildFile section */

/* Begin PBXContainerItemProxy section */
		184585D9242D334D008CB5D5 /* PBXContainerItemProxy */ = {
			isa = PBXContainerItemProxy;
			containerPortal = 184585BA242D3345008CB5D5 /* Project object */;
			proxyType = 1;
			remoteGlobalIDString = 184585C1242D3345008CB5D5;
			remoteInfo = BedSideMonitor;
		};
		184585E4242D334D008CB5D5 /* PBXContainerItemProxy */ = {
			isa = PBXContainerItemProxy;
			containerPortal = 184585BA242D3345008CB5D5 /* Project object */;
			proxyType = 1;
			remoteGlobalIDString = 184585C1242D3345008CB5D5;
			remoteInfo = BedSideMonitor;
		};
/* End PBXContainerItemProxy section */

/* Begin PBXFileReference section */
		183AF650242F6D530059F181 /* LeftMenuView.swift */ = {isa = PBXFileReference; lastKnownFileType = sourcecode.swift; path = LeftMenuView.swift; sourceTree = "<group>"; };
		184585C2242D3345008CB5D5 /* BedSideMonitor.app */ = {isa = PBXFileReference; explicitFileType = wrapper.application; includeInIndex = 0; path = BedSideMonitor.app; sourceTree = BUILT_PRODUCTS_DIR; };
		184585C5242D3345008CB5D5 /* AppDelegate.swift */ = {isa = PBXFileReference; lastKnownFileType = sourcecode.swift; path = AppDelegate.swift; sourceTree = "<group>"; };
		184585C7242D3345008CB5D5 /* SceneDelegate.swift */ = {isa = PBXFileReference; lastKnownFileType = sourcecode.swift; path = SceneDelegate.swift; sourceTree = "<group>"; };
		184585C9242D3345008CB5D5 /* ContentView.swift */ = {isa = PBXFileReference; lastKnownFileType = sourcecode.swift; path = ContentView.swift; sourceTree = "<group>"; };
		184585CB242D334D008CB5D5 /* Assets.xcassets */ = {isa = PBXFileReference; lastKnownFileType = folder.assetcatalog; path = Assets.xcassets; sourceTree = "<group>"; };
		184585CE242D334D008CB5D5 /* Preview Assets.xcassets */ = {isa = PBXFileReference; lastKnownFileType = folder.assetcatalog; path = "Preview Assets.xcassets"; sourceTree = "<group>"; };
		184585D1242D334D008CB5D5 /* Base */ = {isa = PBXFileReference; lastKnownFileType = file.storyboard; name = Base; path = Base.lproj/LaunchScreen.storyboard; sourceTree = "<group>"; };
		184585D3242D334D008CB5D5 /* Info.plist */ = {isa = PBXFileReference; lastKnownFileType = text.plist.xml; path = Info.plist; sourceTree = "<group>"; };
		184585D8242D334D008CB5D5 /* BedSideMonitorTests.xctest */ = {isa = PBXFileReference; explicitFileType = wrapper.cfbundle; includeInIndex = 0; path = BedSideMonitorTests.xctest; sourceTree = BUILT_PRODUCTS_DIR; };
		184585DC242D334D008CB5D5 /* BedSideMonitorTests.swift */ = {isa = PBXFileReference; lastKnownFileType = sourcecode.swift; path = BedSideMonitorTests.swift; sourceTree = "<group>"; };
		184585DE242D334D008CB5D5 /* Info.plist */ = {isa = PBXFileReference; lastKnownFileType = text.plist.xml; path = Info.plist; sourceTree = "<group>"; };
		184585E3242D334D008CB5D5 /* BedSideMonitorUITests.xctest */ = {isa = PBXFileReference; explicitFileType = wrapper.cfbundle; includeInIndex = 0; path = BedSideMonitorUITests.xctest; sourceTree = BUILT_PRODUCTS_DIR; };
		184585E7242D334D008CB5D5 /* BedSideMonitorUITests.swift */ = {isa = PBXFileReference; lastKnownFileType = sourcecode.swift; path = BedSideMonitorUITests.swift; sourceTree = "<group>"; };
		184585E9242D334D008CB5D5 /* Info.plist */ = {isa = PBXFileReference; lastKnownFileType = text.plist.xml; path = Info.plist; sourceTree = "<group>"; };
		1CD922183443344448C521B2 /* Pods_BedSideMonitorTests.framework */ = {isa = PBXFileReference; explicitFileType = wrapper.framework; includeInIndex = 0; path = Pods_BedSideMonitorTests.framework; sourceTree = BUILT_PRODUCTS_DIR; };
		2199463818BDCF0B36142D27 /* Pods-BedSideMonitorTests.release.xcconfig */ = {isa = PBXFileReference; includeInIndex = 1; lastKnownFileType = text.xcconfig; name = "Pods-BedSideMonitorTests.release.xcconfig"; path = "Target Support Files/Pods-BedSideMonitorTests/Pods-BedSideMonitorTests.release.xcconfig"; sourceTree = "<group>"; };
		3D0156E496D4811769AF5AA4 /* Pods-BedSideMonitor.release.xcconfig */ = {isa = PBXFileReference; includeInIndex = 1; lastKnownFileType = text.xcconfig; name = "Pods-BedSideMonitor.release.xcconfig"; path = "Target Support Files/Pods-BedSideMonitor/Pods-BedSideMonitor.release.xcconfig"; sourceTree = "<group>"; };
		849E6D5A5E89C602717216A6 /* Pods-BedSideMonitor-BedSideMonitorUITests.debug.xcconfig */ = {isa = PBXFileReference; includeInIndex = 1; lastKnownFileType = text.xcconfig; name = "Pods-BedSideMonitor-BedSideMonitorUITests.debug.xcconfig"; path = "Target Support Files/Pods-BedSideMonitor-BedSideMonitorUITests/Pods-BedSideMonitor-BedSideMonitorUITests.debug.xcconfig"; sourceTree = "<group>"; };
		85E2DCCB65BA6A1B2A2A4DD2 /* Pods-BedSideMonitor-BedSideMonitorUITests.release.xcconfig */ = {isa = PBXFileReference; includeInIndex = 1; lastKnownFileType = text.xcconfig; name = "Pods-BedSideMonitor-BedSideMonitorUITests.release.xcconfig"; path = "Target Support Files/Pods-BedSideMonitor-BedSideMonitorUITests/Pods-BedSideMonitor-BedSideMonitorUITests.release.xcconfig"; sourceTree = "<group>"; };
		86D11F0477AF5FA7C5CE5373 /* Pods-BedSideMonitor.debug.xcconfig */ = {isa = PBXFileReference; includeInIndex = 1; lastKnownFileType = text.xcconfig; name = "Pods-BedSideMonitor.debug.xcconfig"; path = "Target Support Files/Pods-BedSideMonitor/Pods-BedSideMonitor.debug.xcconfig"; sourceTree = "<group>"; };
		A5E917C81CAAE4A9AB2F9BB3 /* Pods_BedSideMonitor_BedSideMonitorUITests.framework */ = {isa = PBXFileReference; explicitFileType = wrapper.framework; includeInIndex = 0; path = Pods_BedSideMonitor_BedSideMonitorUITests.framework; sourceTree = BUILT_PRODUCTS_DIR; };
		D0C7547DADA897CC7789EE6A /* Pods_BedSideMonitor.framework */ = {isa = PBXFileReference; explicitFileType = wrapper.framework; includeInIndex = 0; path = Pods_BedSideMonitor.framework; sourceTree = BUILT_PRODUCTS_DIR; };
		E3711E73E25898AAD9C90999 /* Pods-BedSideMonitorTests.debug.xcconfig */ = {isa = PBXFileReference; includeInIndex = 1; lastKnownFileType = text.xcconfig; name = "Pods-BedSideMonitorTests.debug.xcconfig"; path = "Target Support Files/Pods-BedSideMonitorTests/Pods-BedSideMonitorTests.debug.xcconfig"; sourceTree = "<group>"; };
/* End PBXFileReference section */

/* Begin PBXFrameworksBuildPhase section */
		184585BF242D3345008CB5D5 /* Frameworks */ = {
			isa = PBXFrameworksBuildPhase;
			buildActionMask = 2147483647;
			files = (
				F27CA8FC57B71E69CE4616E1 /* Pods_BedSideMonitor.framework in Frameworks */,
			);
			runOnlyForDeploymentPostprocessing = 0;
		};
		184585D5242D334D008CB5D5 /* Frameworks */ = {
			isa = PBXFrameworksBuildPhase;
			buildActionMask = 2147483647;
			files = (
				B6726B9CC51F634E0DD81068 /* Pods_BedSideMonitorTests.framework in Frameworks */,
			);
			runOnlyForDeploymentPostprocessing = 0;
		};
		184585E0242D334D008CB5D5 /* Frameworks */ = {
			isa = PBXFrameworksBuildPhase;
			buildActionMask = 2147483647;
			files = (
				97B8CAE9955C3C6CB1C36CBA /* Pods_BedSideMonitor_BedSideMonitorUITests.framework in Frameworks */,
			);
			runOnlyForDeploymentPostprocessing = 0;
		};
/* End PBXFrameworksBuildPhase section */

/* Begin PBXGroup section */
		1843069F2431B4EA00810E96 /* UI */ = {
			isa = PBXGroup;
			children = (
				184585C9242D3345008CB5D5 /* ContentView.swift */,
				183AF650242F6D530059F181 /* LeftMenuView.swift */,
			);
			path = UI;
			sourceTree = "<group>";
		};
		184585B9242D3345008CB5D5 = {
			isa = PBXGroup;
			children = (
				184585C4242D3345008CB5D5 /* BedSideMonitor */,
				184585DB242D334D008CB5D5 /* BedSideMonitorTests */,
				184585E6242D334D008CB5D5 /* BedSideMonitorUITests */,
				184585C3242D3345008CB5D5 /* Products */,
				E33D5B9DC5D69FCFADBF137E /* Pods */,
				3D221F6077BD2A4318028572 /* Frameworks */,
			);
			sourceTree = "<group>";
		};
		184585C3242D3345008CB5D5 /* Products */ = {
			isa = PBXGroup;
			children = (
				184585C2242D3345008CB5D5 /* BedSideMonitor.app */,
				184585D8242D334D008CB5D5 /* BedSideMonitorTests.xctest */,
				184585E3242D334D008CB5D5 /* BedSideMonitorUITests.xctest */,
			);
			name = Products;
			sourceTree = "<group>";
		};
		184585C4242D3345008CB5D5 /* BedSideMonitor */ = {
			isa = PBXGroup;
			children = (
				1843069F2431B4EA00810E96 /* UI */,
				184585C5242D3345008CB5D5 /* AppDelegate.swift */,
				184585C7242D3345008CB5D5 /* SceneDelegate.swift */,
				184585CB242D334D008CB5D5 /* Assets.xcassets */,
				184585D0242D334D008CB5D5 /* LaunchScreen.storyboard */,
				184585D3242D334D008CB5D5 /* Info.plist */,
				184585CD242D334D008CB5D5 /* Preview Content */,
			);
			path = BedSideMonitor;
			sourceTree = "<group>";
		};
		184585CD242D334D008CB5D5 /* Preview Content */ = {
			isa = PBXGroup;
			children = (
				184585CE242D334D008CB5D5 /* Preview Assets.xcassets */,
			);
			path = "Preview Content";
			sourceTree = "<group>";
		};
		184585DB242D334D008CB5D5 /* BedSideMonitorTests */ = {
			isa = PBXGroup;
			children = (
				184585DC242D334D008CB5D5 /* BedSideMonitorTests.swift */,
				184585DE242D334D008CB5D5 /* Info.plist */,
			);
			path = BedSideMonitorTests;
			sourceTree = "<group>";
		};
		184585E6242D334D008CB5D5 /* BedSideMonitorUITests */ = {
			isa = PBXGroup;
			children = (
				184585E7242D334D008CB5D5 /* BedSideMonitorUITests.swift */,
				184585E9242D334D008CB5D5 /* Info.plist */,
			);
			path = BedSideMonitorUITests;
			sourceTree = "<group>";
		};
		3D221F6077BD2A4318028572 /* Frameworks */ = {
			isa = PBXGroup;
			children = (
				D0C7547DADA897CC7789EE6A /* Pods_BedSideMonitor.framework */,
				A5E917C81CAAE4A9AB2F9BB3 /* Pods_BedSideMonitor_BedSideMonitorUITests.framework */,
				1CD922183443344448C521B2 /* Pods_BedSideMonitorTests.framework */,
			);
			name = Frameworks;
			sourceTree = "<group>";
		};
		E33D5B9DC5D69FCFADBF137E /* Pods */ = {
			isa = PBXGroup;
			children = (
				86D11F0477AF5FA7C5CE5373 /* Pods-BedSideMonitor.debug.xcconfig */,
				3D0156E496D4811769AF5AA4 /* Pods-BedSideMonitor.release.xcconfig */,
				849E6D5A5E89C602717216A6 /* Pods-BedSideMonitor-BedSideMonitorUITests.debug.xcconfig */,
				85E2DCCB65BA6A1B2A2A4DD2 /* Pods-BedSideMonitor-BedSideMonitorUITests.release.xcconfig */,
				E3711E73E25898AAD9C90999 /* Pods-BedSideMonitorTests.debug.xcconfig */,
				2199463818BDCF0B36142D27 /* Pods-BedSideMonitorTests.release.xcconfig */,
			);
			path = Pods;
			sourceTree = "<group>";
		};
/* End PBXGroup section */

/* Begin PBXNativeTarget section */
		184585C1242D3345008CB5D5 /* BedSideMonitor */ = {
			isa = PBXNativeTarget;
			buildConfigurationList = 184585EC242D334D008CB5D5 /* Build configuration list for PBXNativeTarget "BedSideMonitor" */;
			buildPhases = (
				0B420BCE73B4652C6D0525D8 /* [CP] Check Pods Manifest.lock */,
				184585BE242D3345008CB5D5 /* Sources */,
				184585BF242D3345008CB5D5 /* Frameworks */,
				184585C0242D3345008CB5D5 /* Resources */,
				30094281B91C1CF054DCCD62 /* [CP] Embed Pods Frameworks */,
			);
			buildRules = (
			);
			dependencies = (
			);
			name = BedSideMonitor;
			productName = BedSideMonitor;
			productReference = 184585C2242D3345008CB5D5 /* BedSideMonitor.app */;
			productType = "com.apple.product-type.application";
		};
		184585D7242D334D008CB5D5 /* BedSideMonitorTests */ = {
			isa = PBXNativeTarget;
			buildConfigurationList = 184585EF242D334D008CB5D5 /* Build configuration list for PBXNativeTarget "BedSideMonitorTests" */;
			buildPhases = (
				CE53851C8D08BC40AF54E4DF /* [CP] Check Pods Manifest.lock */,
				184585D4242D334D008CB5D5 /* Sources */,
				184585D5242D334D008CB5D5 /* Frameworks */,
				184585D6242D334D008CB5D5 /* Resources */,
			);
			buildRules = (
			);
			dependencies = (
				184585DA242D334D008CB5D5 /* PBXTargetDependency */,
			);
			name = BedSideMonitorTests;
			productName = BedSideMonitorTests;
			productReference = 184585D8242D334D008CB5D5 /* BedSideMonitorTests.xctest */;
			productType = "com.apple.product-type.bundle.unit-test";
		};
		184585E2242D334D008CB5D5 /* BedSideMonitorUITests */ = {
			isa = PBXNativeTarget;
			buildConfigurationList = 184585F2242D334D008CB5D5 /* Build configuration list for PBXNativeTarget "BedSideMonitorUITests" */;
			buildPhases = (
				185A49B08940174F68B847E0 /* [CP] Check Pods Manifest.lock */,
				184585DF242D334D008CB5D5 /* Sources */,
				184585E0242D334D008CB5D5 /* Frameworks */,
				184585E1242D334D008CB5D5 /* Resources */,
				9F78FDB37297CCCC6CEFD281 /* [CP] Embed Pods Frameworks */,
			);
			buildRules = (
			);
			dependencies = (
				184585E5242D334D008CB5D5 /* PBXTargetDependency */,
			);
			name = BedSideMonitorUITests;
			productName = BedSideMonitorUITests;
			productReference = 184585E3242D334D008CB5D5 /* BedSideMonitorUITests.xctest */;
			productType = "com.apple.product-type.bundle.ui-testing";
		};
/* End PBXNativeTarget section */

/* Begin PBXProject section */
		184585BA242D3345008CB5D5 /* Project object */ = {
			isa = PBXProject;
			attributes = {
				LastSwiftUpdateCheck = 1130;
				LastUpgradeCheck = 1130;
				ORGANIZATIONNAME = apple;
				TargetAttributes = {
					184585C1242D3345008CB5D5 = {
						CreatedOnToolsVersion = 11.3.1;
					};
					184585D7242D334D008CB5D5 = {
						CreatedOnToolsVersion = 11.3.1;
						TestTargetID = 184585C1242D3345008CB5D5;
					};
					184585E2242D334D008CB5D5 = {
						CreatedOnToolsVersion = 11.3.1;
						TestTargetID = 184585C1242D3345008CB5D5;
					};
				};
			};
			buildConfigurationList = 184585BD242D3345008CB5D5 /* Build configuration list for PBXProject "BedSideMonitor" */;
			compatibilityVersion = "Xcode 9.3";
			developmentRegion = en;
			hasScannedForEncodings = 0;
			knownRegions = (
				en,
				Base,
			);
			mainGroup = 184585B9242D3345008CB5D5;
			productRefGroup = 184585C3242D3345008CB5D5 /* Products */;
			projectDirPath = "";
			projectRoot = "";
			targets = (
				184585C1242D3345008CB5D5 /* BedSideMonitor */,
				184585D7242D334D008CB5D5 /* BedSideMonitorTests */,
				184585E2242D334D008CB5D5 /* BedSideMonitorUITests */,
			);
		};
/* End PBXProject section */

/* Begin PBXResourcesBuildPhase section */
		184585C0242D3345008CB5D5 /* Resources */ = {
			isa = PBXResourcesBuildPhase;
			buildActionMask = 2147483647;
			files = (
				184585D2242D334D008CB5D5 /* LaunchScreen.storyboard in Resources */,
				184585CF242D334D008CB5D5 /* Preview Assets.xcassets in Resources */,
				184585CC242D334D008CB5D5 /* Assets.xcassets in Resources */,
			);
			runOnlyForDeploymentPostprocessing = 0;
		};
		184585D6242D334D008CB5D5 /* Resources */ = {
			isa = PBXResourcesBuildPhase;
			buildActionMask = 2147483647;
			files = (
			);
			runOnlyForDeploymentPostprocessing = 0;
		};
		184585E1242D334D008CB5D5 /* Resources */ = {
			isa = PBXResourcesBuildPhase;
			buildActionMask = 2147483647;
			files = (
			);
			runOnlyForDeploymentPostprocessing = 0;
		};
/* End PBXResourcesBuildPhase section */

/* Begin PBXShellScriptBuildPhase section */
		0B420BCE73B4652C6D0525D8 /* [CP] Check Pods Manifest.lock */ = {
			isa = PBXShellScriptBuildPhase;
			buildActionMask = 2147483647;
			files = (
			);
			inputFileListPaths = (
			);
			inputPaths = (
				"${PODS_PODFILE_DIR_PATH}/Podfile.lock",
				"${PODS_ROOT}/Manifest.lock",
			);
			name = "[CP] Check Pods Manifest.lock";
			outputFileListPaths = (
			);
			outputPaths = (
				"$(DERIVED_FILE_DIR)/Pods-BedSideMonitor-checkManifestLockResult.txt",
			);
			runOnlyForDeploymentPostprocessing = 0;
			shellPath = /bin/sh;
			shellScript = "diff \"${PODS_PODFILE_DIR_PATH}/Podfile.lock\" \"${PODS_ROOT}/Manifest.lock\" > /dev/null\nif [ $? != 0 ] ; then\n    # print error to STDERR\n    echo \"error: The sandbox is not in sync with the Podfile.lock. Run 'pod install' or update your CocoaPods installation.\" >&2\n    exit 1\nfi\n# This output is used by Xcode 'outputs' to avoid re-running this script phase.\necho \"SUCCESS\" > \"${SCRIPT_OUTPUT_FILE_0}\"\n";
			showEnvVarsInLog = 0;
		};
		185A49B08940174F68B847E0 /* [CP] Check Pods Manifest.lock */ = {
			isa = PBXShellScriptBuildPhase;
			buildActionMask = 2147483647;
			files = (
			);
			inputFileListPaths = (
			);
			inputPaths = (
				"${PODS_PODFILE_DIR_PATH}/Podfile.lock",
				"${PODS_ROOT}/Manifest.lock",
			);
			name = "[CP] Check Pods Manifest.lock";
			outputFileListPaths = (
			);
			outputPaths = (
				"$(DERIVED_FILE_DIR)/Pods-BedSideMonitor-BedSideMonitorUITests-checkManifestLockResult.txt",
			);
			runOnlyForDeploymentPostprocessing = 0;
			shellPath = /bin/sh;
			shellScript = "diff \"${PODS_PODFILE_DIR_PATH}/Podfile.lock\" \"${PODS_ROOT}/Manifest.lock\" > /dev/null\nif [ $? != 0 ] ; then\n    # print error to STDERR\n    echo \"error: The sandbox is not in sync with the Podfile.lock. Run 'pod install' or update your CocoaPods installation.\" >&2\n    exit 1\nfi\n# This output is used by Xcode 'outputs' to avoid re-running this script phase.\necho \"SUCCESS\" > \"${SCRIPT_OUTPUT_FILE_0}\"\n";
			showEnvVarsInLog = 0;
		};
		30094281B91C1CF054DCCD62 /* [CP] Embed Pods Frameworks */ = {
			isa = PBXShellScriptBuildPhase;
			buildActionMask = 2147483647;
			files = (
			);
			inputFileListPaths = (
				"${PODS_ROOT}/Target Support Files/Pods-BedSideMonitor/Pods-BedSideMonitor-frameworks-${CONFIGURATION}-input-files.xcfilelist",
			);
			name = "[CP] Embed Pods Frameworks";
			outputFileListPaths = (
				"${PODS_ROOT}/Target Support Files/Pods-BedSideMonitor/Pods-BedSideMonitor-frameworks-${CONFIGURATION}-output-files.xcfilelist",
			);
			runOnlyForDeploymentPostprocessing = 0;
			shellPath = /bin/sh;
			shellScript = "\"${PODS_ROOT}/Target Support Files/Pods-BedSideMonitor/Pods-BedSideMonitor-frameworks.sh\"\n";
			showEnvVarsInLog = 0;
		};
		9F78FDB37297CCCC6CEFD281 /* [CP] Embed Pods Frameworks */ = {
			isa = PBXShellScriptBuildPhase;
			buildActionMask = 2147483647;
			files = (
			);
			inputFileListPaths = (
				"${PODS_ROOT}/Target Support Files/Pods-BedSideMonitor-BedSideMonitorUITests/Pods-BedSideMonitor-BedSideMonitorUITests-frameworks-${CONFIGURATION}-input-files.xcfilelist",
			);
			name = "[CP] Embed Pods Frameworks";
			outputFileListPaths = (
				"${PODS_ROOT}/Target Support Files/Pods-BedSideMonitor-BedSideMonitorUITests/Pods-BedSideMonitor-BedSideMonitorUITests-frameworks-${CONFIGURATION}-output-files.xcfilelist",
			);
			runOnlyForDeploymentPostprocessing = 0;
			shellPath = /bin/sh;
			shellScript = "\"${PODS_ROOT}/Target Support Files/Pods-BedSideMonitor-BedSideMonitorUITests/Pods-BedSideMonitor-BedSideMonitorUITests-frameworks.sh\"\n";
			showEnvVarsInLog = 0;
		};
		CE53851C8D08BC40AF54E4DF /* [CP] Check Pods Manifest.lock */ = {
			isa = PBXShellScriptBuildPhase;
			buildActionMask = 2147483647;
			files = (
			);
			inputFileListPaths = (
			);
			inputPaths = (
				"${PODS_PODFILE_DIR_PATH}/Podfile.lock",
				"${PODS_ROOT}/Manifest.lock",
			);
			name = "[CP] Check Pods Manifest.lock";
			outputFileListPaths = (
			);
			outputPaths = (
				"$(DERIVED_FILE_DIR)/Pods-BedSideMonitorTests-checkManifestLockResult.txt",
			);
			runOnlyForDeploymentPostprocessing = 0;
			shellPath = /bin/sh;
			shellScript = "diff \"${PODS_PODFILE_DIR_PATH}/Podfile.lock\" \"${PODS_ROOT}/Manifest.lock\" > /dev/null\nif [ $? != 0 ] ; then\n    # print error to STDERR\n    echo \"error: The sandbox is not in sync with the Podfile.lock. Run 'pod install' or update your CocoaPods installation.\" >&2\n    exit 1\nfi\n# This output is used by Xcode 'outputs' to avoid re-running this script phase.\necho \"SUCCESS\" > \"${SCRIPT_OUTPUT_FILE_0}\"\n";
			showEnvVarsInLog = 0;
		};
/* End PBXShellScriptBuildPhase section */

/* Begin PBXSourcesBuildPhase section */
		184585BE242D3345008CB5D5 /* Sources */ = {
			isa = PBXSourcesBuildPhase;
			buildActionMask = 2147483647;
			files = (
				183AF651242F6D530059F181 /* LeftMenuView.swift in Sources */,
				184585C6242D3345008CB5D5 /* AppDelegate.swift in Sources */,
				184585C8242D3345008CB5D5 /* SceneDelegate.swift in Sources */,
				184585CA242D3345008CB5D5 /* ContentView.swift in Sources */,
			);
			runOnlyForDeploymentPostprocessing = 0;
		};
		184585D4242D334D008CB5D5 /* Sources */ = {
			isa = PBXSourcesBuildPhase;
			buildActionMask = 2147483647;
			files = (
				184585DD242D334D008CB5D5 /* BedSideMonitorTests.swift in Sources */,
			);
			runOnlyForDeploymentPostprocessing = 0;
		};
		184585DF242D334D008CB5D5 /* Sources */ = {
			isa = PBXSourcesBuildPhase;
			buildActionMask = 2147483647;
			files = (
				184585E8242D334D008CB5D5 /* BedSideMonitorUITests.swift in Sources */,
			);
			runOnlyForDeploymentPostprocessing = 0;
		};
/* End PBXSourcesBuildPhase section */

/* Begin PBXTargetDependency section */
		184585DA242D334D008CB5D5 /* PBXTargetDependency */ = {
			isa = PBXTargetDependency;
			target = 184585C1242D3345008CB5D5 /* BedSideMonitor */;
			targetProxy = 184585D9242D334D008CB5D5 /* PBXContainerItemProxy */;
		};
		184585E5242D334D008CB5D5 /* PBXTargetDependency */ = {
			isa = PBXTargetDependency;
			target = 184585C1242D3345008CB5D5 /* BedSideMonitor */;
			targetProxy = 184585E4242D334D008CB5D5 /* PBXContainerItemProxy */;
		};
/* End PBXTargetDependency section */

/* Begin PBXVariantGroup section */
		184585D0242D334D008CB5D5 /* LaunchScreen.storyboard */ = {
			isa = PBXVariantGroup;
			children = (
				184585D1242D334D008CB5D5 /* Base */,
			);
			name = LaunchScreen.storyboard;
			sourceTree = "<group>";
		};
/* End PBXVariantGroup section */

/* Begin XCBuildConfiguration section */
		184585EA242D334D008CB5D5 /* Debug */ = {
			isa = XCBuildConfiguration;
			buildSettings = {
				ALWAYS_SEARCH_USER_PATHS = NO;
				CLANG_ANALYZER_NONNULL = YES;
				CLANG_ANALYZER_NUMBER_OBJECT_CONVERSION = YES_AGGRESSIVE;
				CLANG_CXX_LANGUAGE_STANDARD = "gnu++14";
				CLANG_CXX_LIBRARY = "libc++";
				CLANG_ENABLE_MODULES = YES;
				CLANG_ENABLE_OBJC_ARC = YES;
				CLANG_ENABLE_OBJC_WEAK = YES;
				CLANG_WARN_BLOCK_CAPTURE_AUTORELEASING = YES;
				CLANG_WARN_BOOL_CONVERSION = YES;
				CLANG_WARN_COMMA = YES;
				CLANG_WARN_CONSTANT_CONVERSION = YES;
				CLANG_WARN_DEPRECATED_OBJC_IMPLEMENTATIONS = YES;
				CLANG_WARN_DIRECT_OBJC_ISA_USAGE = YES_ERROR;
				CLANG_WARN_DOCUMENTATION_COMMENTS = YES;
				CLANG_WARN_EMPTY_BODY = YES;
				CLANG_WARN_ENUM_CONVERSION = YES;
				CLANG_WARN_INFINITE_RECURSION = YES;
				CLANG_WARN_INT_CONVERSION = YES;
				CLANG_WARN_NON_LITERAL_NULL_CONVERSION = YES;
				CLANG_WARN_OBJC_IMPLICIT_RETAIN_SELF = YES;
				CLANG_WARN_OBJC_LITERAL_CONVERSION = YES;
				CLANG_WARN_OBJC_ROOT_CLASS = YES_ERROR;
				CLANG_WARN_RANGE_LOOP_ANALYSIS = YES;
				CLANG_WARN_STRICT_PROTOTYPES = YES;
				CLANG_WARN_SUSPICIOUS_MOVE = YES;
				CLANG_WARN_UNGUARDED_AVAILABILITY = YES_AGGRESSIVE;
				CLANG_WARN_UNREACHABLE_CODE = YES;
				CLANG_WARN__DUPLICATE_METHOD_MATCH = YES;
				COPY_PHASE_STRIP = NO;
				DEBUG_INFORMATION_FORMAT = dwarf;
				ENABLE_STRICT_OBJC_MSGSEND = YES;
				ENABLE_TESTABILITY = YES;
				GCC_C_LANGUAGE_STANDARD = gnu11;
				GCC_DYNAMIC_NO_PIC = NO;
				GCC_NO_COMMON_BLOCKS = YES;
				GCC_OPTIMIZATION_LEVEL = 0;
				GCC_PREPROCESSOR_DEFINITIONS = (
					"DEBUG=1",
					"$(inherited)",
				);
				GCC_WARN_64_TO_32_BIT_CONVERSION = YES;
				GCC_WARN_ABOUT_RETURN_TYPE = YES_ERROR;
				GCC_WARN_UNDECLARED_SELECTOR = YES;
				GCC_WARN_UNINITIALIZED_AUTOS = YES_AGGRESSIVE;
				GCC_WARN_UNUSED_FUNCTION = YES;
				GCC_WARN_UNUSED_VARIABLE = YES;
				IPHONEOS_DEPLOYMENT_TARGET = 13.2;
				MTL_ENABLE_DEBUG_INFO = INCLUDE_SOURCE;
				MTL_FAST_MATH = YES;
				ONLY_ACTIVE_ARCH = YES;
				SDKROOT = iphoneos;
				SWIFT_ACTIVE_COMPILATION_CONDITIONS = DEBUG;
				SWIFT_OPTIMIZATION_LEVEL = "-Onone";
			};
			name = Debug;
		};
		184585EB242D334D008CB5D5 /* Release */ = {
			isa = XCBuildConfiguration;
			buildSettings = {
				ALWAYS_SEARCH_USER_PATHS = NO;
				CLANG_ANALYZER_NONNULL = YES;
				CLANG_ANALYZER_NUMBER_OBJECT_CONVERSION = YES_AGGRESSIVE;
				CLANG_CXX_LANGUAGE_STANDARD = "gnu++14";
				CLANG_CXX_LIBRARY = "libc++";
				CLANG_ENABLE_MODULES = YES;
				CLANG_ENABLE_OBJC_ARC = YES;
				CLANG_ENABLE_OBJC_WEAK = YES;
				CLANG_WARN_BLOCK_CAPTURE_AUTORELEASING = YES;
				CLANG_WARN_BOOL_CONVERSION = YES;
				CLANG_WARN_COMMA = YES;
				CLANG_WARN_CONSTANT_CONVERSION = YES;
				CLANG_WARN_DEPRECATED_OBJC_IMPLEMENTATIONS = YES;
				CLANG_WARN_DIRECT_OBJC_ISA_USAGE = YES_ERROR;
				CLANG_WARN_DOCUMENTATION_COMMENTS = YES;
				CLANG_WARN_EMPTY_BODY = YES;
				CLANG_WARN_ENUM_CONVERSION = YES;
				CLANG_WARN_INFINITE_RECURSION = YES;
				CLANG_WARN_INT_CONVERSION = YES;
				CLANG_WARN_NON_LITERAL_NULL_CONVERSION = YES;
				CLANG_WARN_OBJC_IMPLICIT_RETAIN_SELF = YES;
				CLANG_WARN_OBJC_LITERAL_CONVERSION = YES;
				CLANG_WARN_OBJC_ROOT_CLASS = YES_ERROR;
				CLANG_WARN_RANGE_LOOP_ANALYSIS = YES;
				CLANG_WARN_STRICT_PROTOTYPES = YES;
				CLANG_WARN_SUSPICIOUS_MOVE = YES;
				CLANG_WARN_UNGUARDED_AVAILABILITY = YES_AGGRESSIVE;
				CLANG_WARN_UNREACHABLE_CODE = YES;
				CLANG_WARN__DUPLICATE_METHOD_MATCH = YES;
				COPY_PHASE_STRIP = NO;
				DEBUG_INFORMATION_FORMAT = "dwarf-with-dsym";
				ENABLE_NS_ASSERTIONS = NO;
				ENABLE_STRICT_OBJC_MSGSEND = YES;
				GCC_C_LANGUAGE_STANDARD = gnu11;
				GCC_NO_COMMON_BLOCKS = YES;
				GCC_WARN_64_TO_32_BIT_CONVERSION = YES;
				GCC_WARN_ABOUT_RETURN_TYPE = YES_ERROR;
				GCC_WARN_UNDECLARED_SELECTOR = YES;
				GCC_WARN_UNINITIALIZED_AUTOS = YES_AGGRESSIVE;
				GCC_WARN_UNUSED_FUNCTION = YES;
				GCC_WARN_UNUSED_VARIABLE = YES;
				IPHONEOS_DEPLOYMENT_TARGET = 13.2;
				MTL_ENABLE_DEBUG_INFO = NO;
				MTL_FAST_MATH = YES;
				SDKROOT = iphoneos;
				SWIFT_COMPILATION_MODE = wholemodule;
				SWIFT_OPTIMIZATION_LEVEL = "-O";
				VALIDATE_PRODUCT = YES;
			};
			name = Release;
		};
		184585ED242D334D008CB5D5 /* Debug */ = {
			isa = XCBuildConfiguration;
			baseConfigurationReference = 86D11F0477AF5FA7C5CE5373 /* Pods-BedSideMonitor.debug.xcconfig */;
			buildSettings = {
				ASSETCATALOG_COMPILER_APPICON_NAME = AppIcon;
				CODE_SIGN_STYLE = Automatic;
				DEVELOPMENT_ASSET_PATHS = "\"BedSideMonitor/Preview Content\"";
				ENABLE_PREVIEWS = YES;
				INFOPLIST_FILE = BedSideMonitor/Info.plist;
				LD_RUNPATH_SEARCH_PATHS = (
					"$(inherited)",
					"@executable_path/Frameworks",
				);
				PRODUCT_BUNDLE_IDENTIFIER = com.hcl.BedSideMonitor;
				PRODUCT_NAME = "$(TARGET_NAME)";
				SWIFT_VERSION = 5.0;
				TARGETED_DEVICE_FAMILY = "1,2";
			};
			name = Debug;
		};
		184585EE242D334D008CB5D5 /* Release */ = {
			isa = XCBuildConfiguration;
			baseConfigurationReference = 3D0156E496D4811769AF5AA4 /* Pods-BedSideMonitor.release.xcconfig */;
			buildSettings = {
				ASSETCATALOG_COMPILER_APPICON_NAME = AppIcon;
				CODE_SIGN_STYLE = Automatic;
				DEVELOPMENT_ASSET_PATHS = "\"BedSideMonitor/Preview Content\"";
				ENABLE_PREVIEWS = YES;
				INFOPLIST_FILE = BedSideMonitor/Info.plist;
				LD_RUNPATH_SEARCH_PATHS = (
					"$(inherited)",
					"@executable_path/Frameworks",
				);
				PRODUCT_BUNDLE_IDENTIFIER = com.hcl.BedSideMonitor;
				PRODUCT_NAME = "$(TARGET_NAME)";
				SWIFT_VERSION = 5.0;
				TARGETED_DEVICE_FAMILY = "1,2";
			};
			name = Release;
		};
		184585F0242D334D008CB5D5 /* Debug */ = {
			isa = XCBuildConfiguration;
			baseConfigurationReference = E3711E73E25898AAD9C90999 /* Pods-BedSideMonitorTests.debug.xcconfig */;
			buildSettings = {
				ALWAYS_EMBED_SWIFT_STANDARD_LIBRARIES = YES;
				BUNDLE_LOADER = "$(TEST_HOST)";
				CODE_SIGN_STYLE = Automatic;
				INFOPLIST_FILE = BedSideMonitorTests/Info.plist;
				IPHONEOS_DEPLOYMENT_TARGET = 13.2;
				LD_RUNPATH_SEARCH_PATHS = (
					"$(inherited)",
					"@executable_path/Frameworks",
					"@loader_path/Frameworks",
				);
				PRODUCT_BUNDLE_IDENTIFIER = com.hcl.BedSideMonitorTests;
				PRODUCT_NAME = "$(TARGET_NAME)";
				SWIFT_VERSION = 5.0;
				TARGETED_DEVICE_FAMILY = "1,2";
				TEST_HOST = "$(BUILT_PRODUCTS_DIR)/BedSideMonitor.app/BedSideMonitor";
			};
			name = Debug;
		};
		184585F1242D334D008CB5D5 /* Release */ = {
			isa = XCBuildConfiguration;
			baseConfigurationReference = 2199463818BDCF0B36142D27 /* Pods-BedSideMonitorTests.release.xcconfig */;
			buildSettings = {
				ALWAYS_EMBED_SWIFT_STANDARD_LIBRARIES = YES;
				BUNDLE_LOADER = "$(TEST_HOST)";
				CODE_SIGN_STYLE = Automatic;
				INFOPLIST_FILE = BedSideMonitorTests/Info.plist;
				IPHONEOS_DEPLOYMENT_TARGET = 13.2;
				LD_RUNPATH_SEARCH_PATHS = (
					"$(inherited)",
					"@executable_path/Frameworks",
					"@loader_path/Frameworks",
				);
				PRODUCT_BUNDLE_IDENTIFIER = com.hcl.BedSideMonitorTests;
				PRODUCT_NAME = "$(TARGET_NAME)";
				SWIFT_VERSION = 5.0;
				TARGETED_DEVICE_FAMILY = "1,2";
				TEST_HOST = "$(BUILT_PRODUCTS_DIR)/BedSideMonitor.app/BedSideMonitor";
			};
			name = Release;
		};
		184585F3242D334D008CB5D5 /* Debug */ = {
			isa = XCBuildConfiguration;
			baseConfigurationReference = 849E6D5A5E89C602717216A6 /* Pods-BedSideMonitor-BedSideMonitorUITests.debug.xcconfig */;
			buildSettings = {
				ALWAYS_EMBED_SWIFT_STANDARD_LIBRARIES = YES;
				CODE_SIGN_STYLE = Automatic;
				INFOPLIST_FILE = BedSideMonitorUITests/Info.plist;
				LD_RUNPATH_SEARCH_PATHS = (
					"$(inherited)",
					"@executable_path/Frameworks",
					"@loader_path/Frameworks",
				);
				PRODUCT_BUNDLE_IDENTIFIER = com.hcl.BedSideMonitorUITests;
				PRODUCT_NAME = "$(TARGET_NAME)";
				SWIFT_VERSION = 5.0;
				TARGETED_DEVICE_FAMILY = "1,2";
				TEST_TARGET_NAME = BedSideMonitor;
			};
			name = Debug;
		};
		184585F4242D334D008CB5D5 /* Release */ = {
			isa = XCBuildConfiguration;
			baseConfigurationReference = 85E2DCCB65BA6A1B2A2A4DD2 /* Pods-BedSideMonitor-BedSideMonitorUITests.release.xcconfig */;
			buildSettings = {
				ALWAYS_EMBED_SWIFT_STANDARD_LIBRARIES = YES;
				CODE_SIGN_STYLE = Automatic;
				INFOPLIST_FILE = BedSideMonitorUITests/Info.plist;
				LD_RUNPATH_SEARCH_PATHS = (
					"$(inherited)",
					"@executable_path/Frameworks",
					"@loader_path/Frameworks",
				);
				PRODUCT_BUNDLE_IDENTIFIER = com.hcl.BedSideMonitorUITests;
				PRODUCT_NAME = "$(TARGET_NAME)";
				SWIFT_VERSION = 5.0;
				TARGETED_DEVICE_FAMILY = "1,2";
				TEST_TARGET_NAME = BedSideMonitor;
			};
			name = Release;
		};
/* End XCBuildConfiguration section */

/* Begin XCConfigurationList section */
		184585BD242D3345008CB5D5 /* Build configuration list for PBXProject "BedSideMonitor" */ = {
			isa = XCConfigurationList;
			buildConfigurations = (
				184585EA242D334D008CB5D5 /* Debug */,
				184585EB242D334D008CB5D5 /* Release */,
			);
			defaultConfigurationIsVisible = 0;
			defaultConfigurationName = Release;
		};
		184585EC242D334D008CB5D5 /* Build configuration list for PBXNativeTarget "BedSideMonitor" */ = {
			isa = XCConfigurationList;
			buildConfigurations = (
				184585ED242D334D008CB5D5 /* Debug */,
				184585EE242D334D008CB5D5 /* Release */,
			);
			defaultConfigurationIsVisible = 0;
			defaultConfigurationName = Release;
		};
		184585EF242D334D008CB5D5 /* Build configuration list for PBXNativeTarget "BedSideMonitorTests" */ = {
			isa = XCConfigurationList;
			buildConfigurations = (
				184585F0242D334D008CB5D5 /* Debug */,
				184585F1242D334D008CB5D5 /* Release */,
			);
			defaultConfigurationIsVisible = 0;
			defaultConfigurationName = Release;
		};
		184585F2242D334D008CB5D5 /* Build configuration list for PBXNativeTarget "BedSideMonitorUITests" */ = {
			isa = XCConfigurationList;
			buildConfigurations = (
				184585F3242D334D008CB5D5 /* Debug */,
				184585F4242D334D008CB5D5 /* Release */,
			);
			defaultConfigurationIsVisible = 0;
			defaultConfigurationName = Release;
		};
/* End XCConfigurationList section */
	};
	rootObject = 184585BA242D3345008CB5D5 /* Project object */;
}
